// !$*UTF8*$!
{
	archiveVersion = 1;
	classes = {
	};
	objectVersion = 48;
	objects = {

/* Begin PBXBuildFile section */
		8DC2CDD820A55E1B002D7DA8 /* main.m in Sources */ = {isa = PBXBuildFile; fileRef = 8DC2CDD720A55E1B002D7DA8 /* main.m */; };
		8DC2CDE320A55E67002D7DA8 /* main.m in Sources */ = {isa = PBXBuildFile; fileRef = 8DC2CDE220A55E67002D7DA8 /* main.m */; };
		8DDA417820A1B538005B6903 /* main.m in Sources */ = {isa = PBXBuildFile; fileRef = 8DDA417720A1B538005B6903 /* main.m */; };
		8DDA418020A1B55B005B6903 /* Person.m in Sources */ = {isa = PBXBuildFile; fileRef = 8DDA417F20A1B55B005B6903 /* Person.m */; };
		8DDA418320A1C680005B6903 /* GCD.m in Sources */ = {isa = PBXBuildFile; fileRef = 8DDA418220A1C680005B6903 /* GCD.m */; };
/* End PBXBuildFile section */

/* Begin PBXCopyFilesBuildPhase section */
		8DC2CDD320A55E1B002D7DA8 /* CopyFiles */ = {
			isa = PBXCopyFilesBuildPhase;
			buildActionMask = 2147483647;
			dstPath = /usr/share/man/man1/;
			dstSubfolderSpec = 0;
			files = (
			);
			runOnlyForDeploymentPostprocessing = 1;
		};
		8DC2CDDE20A55E67002D7DA8 /* CopyFiles */ = {
			isa = PBXCopyFilesBuildPhase;
			buildActionMask = 2147483647;
			dstPath = /usr/share/man/man1/;
			dstSubfolderSpec = 0;
			files = (
			);
			runOnlyForDeploymentPostprocessing = 1;
		};
		8DDA417220A1B538005B6903 /* CopyFiles */ = {
			isa = PBXCopyFilesBuildPhase;
			buildActionMask = 2147483647;
			dstPath = /usr/share/man/man1/;
			dstSubfolderSpec = 0;
			files = (
			);
			runOnlyForDeploymentPostprocessing = 1;
		};
/* End PBXCopyFilesBuildPhase section */

/* Begin PBXFileReference section */
		8DC2CDD520A55E1B002D7DA8 /* C-sizeof */ = {isa = PBXFileReference; explicitFileType = "compiled.mach-o.executable"; includeInIndex = 0; path = "C-sizeof"; sourceTree = BUILT_PRODUCTS_DIR; };
		8DC2CDD720A55E1B002D7DA8 /* main.m */ = {isa = PBXFileReference; lastKnownFileType = sourcecode.c.objc; path = main.m; sourceTree = "<group>"; };
		8DC2CDE020A55E67002D7DA8 /* #define */ = {isa = PBXFileReference; explicitFileType = "compiled.mach-o.executable"; includeInIndex = 0; path = "#define"; sourceTree = BUILT_PRODUCTS_DIR; };
		8DC2CDE220A55E67002D7DA8 /* main.m */ = {isa = PBXFileReference; lastKnownFileType = sourcecode.c.objc; path = main.m; sourceTree = "<group>"; };
		8DDA417420A1B538005B6903 /* Strong&Copy */ = {isa = PBXFileReference; explicitFileType = "compiled.mach-o.executable"; includeInIndex = 0; path = "Strong&Copy"; sourceTree = BUILT_PRODUCTS_DIR; };
		8DDA417720A1B538005B6903 /* main.m */ = {isa = PBXFileReference; lastKnownFileType = sourcecode.c.objc; path = main.m; sourceTree = "<group>"; };
		8DDA417E20A1B55B005B6903 /* Person.h */ = {isa = PBXFileReference; lastKnownFileType = sourcecode.c.h; path = Person.h; sourceTree = "<group>"; };
		8DDA417F20A1B55B005B6903 /* Person.m */ = {isa = PBXFileReference; lastKnownFileType = sourcecode.c.objc; path = Person.m; sourceTree = "<group>"; };
		8DDA418120A1C680005B6903 /* GCD.h */ = {isa = PBXFileReference; lastKnownFileType = sourcecode.c.h; path = GCD.h; sourceTree = "<group>"; };
		8DDA418220A1C680005B6903 /* GCD.m */ = {isa = PBXFileReference; lastKnownFileType = sourcecode.c.objc; path = GCD.m; sourceTree = "<group>"; };
/* End PBXFileReference section */

/* Begin PBXFrameworksBuildPhase section */
		8DC2CDD220A55E1B002D7DA8 /* Frameworks */ = {
			isa = PBXFrameworksBuildPhase;
			buildActionMask = 2147483647;
			files = (
			);
			runOnlyForDeploymentPostprocessing = 0;
		};
		8DC2CDDD20A55E67002D7DA8 /* Frameworks */ = {
			isa = PBXFrameworksBuildPhase;
			buildActionMask = 2147483647;
			files = (
			);
			runOnlyForDeploymentPostprocessing = 0;
		};
		8DDA417120A1B538005B6903 /* Frameworks */ = {
			isa = PBXFrameworksBuildPhase;
			buildActionMask = 2147483647;
			files = (
			);
			runOnlyForDeploymentPostprocessing = 0;
		};
/* End PBXFrameworksBuildPhase section */

/* Begin PBXGroup section */
		8DC2CDD620A55E1B002D7DA8 /* C-sizeof */ = {
			isa = PBXGroup;
			children = (
				8DC2CDD720A55E1B002D7DA8 /* main.m */,
			);
			path = "C-sizeof";
			sourceTree = "<group>";
		};
		8DC2CDE120A55E67002D7DA8 /* #define */ = {
			isa = PBXGroup;
			children = (
				8DC2CDE220A55E67002D7DA8 /* main.m */,
			);
			path = "#define";
			sourceTree = "<group>";
		};
		8DDA416B20A1B538005B6903 = {
			isa = PBXGroup;
			children = (
				8DDA417620A1B538005B6903 /* Strong&Copy */,
				8DC2CDD620A55E1B002D7DA8 /* C-sizeof */,
				8DC2CDE120A55E67002D7DA8 /* #define */,
				8DDA417520A1B538005B6903 /* Products */,
			);
			sourceTree = "<group>";
		};
		8DDA417520A1B538005B6903 /* Products */ = {
			isa = PBXGroup;
			children = (
				8DDA417420A1B538005B6903 /* Strong&Copy */,
				8DC2CDD520A55E1B002D7DA8 /* C-sizeof */,
				8DC2CDE020A55E67002D7DA8 /* #define */,
			);
			name = Products;
			sourceTree = "<group>";
		};
		8DDA417620A1B538005B6903 /* Strong&Copy */ = {
			isa = PBXGroup;
			children = (
				8DDA417720A1B538005B6903 /* main.m */,
				8DDA418120A1C680005B6903 /* GCD.h */,
				8DDA418220A1C680005B6903 /* GCD.m */,
				8DDA417E20A1B55B005B6903 /* Person.h */,
				8DDA417F20A1B55B005B6903 /* Person.m */,
			);
			path = "Strong&Copy";
			sourceTree = "<group>";
		};
/* End PBXGroup section */

/* Begin PBXNativeTarget section */
		8DC2CDD420A55E1B002D7DA8 /* C-sizeof */ = {
			isa = PBXNativeTarget;
			buildConfigurationList = 8DC2CDD920A55E1B002D7DA8 /* Build configuration list for PBXNativeTarget "C-sizeof" */;
			buildPhases = (
				8DC2CDD120A55E1B002D7DA8 /* Sources */,
				8DC2CDD220A55E1B002D7DA8 /* Frameworks */,
				8DC2CDD320A55E1B002D7DA8 /* CopyFiles */,
			);
			buildRules = (
			);
			dependencies = (
			);
			name = "C-sizeof";
			productName = "C-sizeof";
			productReference = 8DC2CDD520A55E1B002D7DA8 /* C-sizeof */;
			productType = "com.apple.product-type.tool";
		};
		8DC2CDDF20A55E67002D7DA8 /* #define */ = {
			isa = PBXNativeTarget;
			buildConfigurationList = 8DC2CDE420A55E67002D7DA8 /* Build configuration list for PBXNativeTarget "#define" */;
			buildPhases = (
				8DC2CDDC20A55E67002D7DA8 /* Sources */,
				8DC2CDDD20A55E67002D7DA8 /* Frameworks */,
				8DC2CDDE20A55E67002D7DA8 /* CopyFiles */,
			);
			buildRules = (
			);
			dependencies = (
			);
			name = "#define";
			productName = "#define";
			productReference = 8DC2CDE020A55E67002D7DA8 /* #define */;
			productType = "com.apple.product-type.tool";
		};
		8DDA417320A1B538005B6903 /* Strong&Copy */ = {
			isa = PBXNativeTarget;
			buildConfigurationList = 8DDA417B20A1B538005B6903 /* Build configuration list for PBXNativeTarget "Strong&Copy" */;
			buildPhases = (
				8DDA417020A1B538005B6903 /* Sources */,
				8DDA417120A1B538005B6903 /* Frameworks */,
				8DDA417220A1B538005B6903 /* CopyFiles */,
			);
			buildRules = (
			);
			dependencies = (
			);
			name = "Strong&Copy";
			productName = "Strong&Copy";
			productReference = 8DDA417420A1B538005B6903 /* Strong&Copy */;
			productType = "com.apple.product-type.tool";
		};
/* End PBXNativeTarget section */

/* Begin PBXProject section */
		8DDA416C20A1B538005B6903 /* Project object */ = {
			isa = PBXProject;
			attributes = {
				LastUpgradeCheck = 0920;
				ORGANIZATIONNAME = sogou;
				TargetAttributes = {
					8DC2CDD420A55E1B002D7DA8 = {
						CreatedOnToolsVersion = 9.2;
						ProvisioningStyle = Automatic;
					};
					8DC2CDDF20A55E67002D7DA8 = {
						CreatedOnToolsVersion = 9.2;
						ProvisioningStyle = Automatic;
					};
					8DDA417320A1B538005B6903 = {
						CreatedOnToolsVersion = 9.2;
						ProvisioningStyle = Automatic;
					};
				};
			};
			buildConfigurationList = 8DDA416F20A1B538005B6903 /* Build configuration list for PBXProject "Strong&Copy" */;
			compatibilityVersion = "Xcode 8.0";
			developmentRegion = en;
			hasScannedForEncodings = 0;
			knownRegions = (
				en,
			);
			mainGroup = 8DDA416B20A1B538005B6903;
			productRefGroup = 8DDA417520A1B538005B6903 /* Products */;
			projectDirPath = "";
			projectRoot = "";
			targets = (
				8DDA417320A1B538005B6903 /* Strong&Copy */,
				8DC2CDD420A55E1B002D7DA8 /* C-sizeof */,
				8DC2CDDF20A55E67002D7DA8 /* #define */,
			);
		};
/* End PBXProject section */

/* Begin PBXSourcesBuildPhase section */
		8DC2CDD120A55E1B002D7DA8 /* Sources */ = {
			isa = PBXSourcesBuildPhase;
			buildActionMask = 2147483647;
			files = (
				8DC2CDD820A55E1B002D7DA8 /* main.m in Sources */,
			);
			runOnlyForDeploymentPostprocessing = 0;
		};
		8DC2CDDC20A55E67002D7DA8 /* Sources */ = {
			isa = PBXSourcesBuildPhase;
			buildActionMask = 2147483647;
			files = (
				8DC2CDE320A55E67002D7DA8 /* main.m in Sources */,
			);
			runOnlyForDeploymentPostprocessing = 0;
		};
		8DDA417020A1B538005B6903 /* Sources */ = {
			isa = PBXSourcesBuildPhase;
			buildActionMask = 2147483647;
			files = (
				8DDA418320A1C680005B6903 /* GCD.m in Sources */,
				8DDA418020A1B55B005B6903 /* Person.m in Sources */,
				8DDA417820A1B538005B6903 /* main.m in Sources */,
			);
			runOnlyForDeploymentPostprocessing = 0;
		};
/* End PBXSourcesBuildPhase section */

/* Begin XCBuildConfiguration section */
		8DC2CDDA20A55E1B002D7DA8 /* Debug */ = {
			isa = XCBuildConfiguration;
			buildSettings = {
				CODE_SIGN_STYLE = Automatic;
				PRODUCT_NAME = "$(TARGET_NAME)";
			};
			name = Debug;
		};
		8DC2CDDB20A55E1B002D7DA8 /* Release */ = {
			isa = XCBuildConfiguration;
			buildSettings = {
				CODE_SIGN_STYLE = Automatic;
				PRODUCT_NAME = "$(TARGET_NAME)";
			};
			name = Release;
		};
		8DC2CDE520A55E67002D7DA8 /* Debug */ = {
			isa = XCBuildConfiguration;
			buildSettings = {
				CODE_SIGN_STYLE = Automatic;
				PRODUCT_NAME = "$(TARGET_NAME)";
			};
			name = Debug;
		};
		8DC2CDE620A55E67002D7DA8 /* Release */ = {
			isa = XCBuildConfiguration;
			buildSettings = {
				CODE_SIGN_STYLE = Automatic;
				PRODUCT_NAME = "$(TARGET_NAME)";
			};
			name = Release;
		};
		8DDA417920A1B538005B6903 /* Debug */ = {
			isa = XCBuildConfiguration;
			buildSettings = {
				ALWAYS_SEARCH_USER_PATHS = NO;
				CLANG_ANALYZER_NONNULL = YES;
				CLANG_ANALYZER_NUMBER_OBJECT_CONVERSION = YES_AGGRESSIVE;
				CLANG_CXX_LANGUAGE_STANDARD = "gnu++14";
				CLANG_CXX_LIBRARY = "libc++";
				CLANG_ENABLE_MODULES = YES;
				CLANG_ENABLE_OBJC_ARC = YES;
				CLANG_WARN_BLOCK_CAPTURE_AUTORELEASING = YES;
				CLANG_WARN_BOOL_CONVERSION = YES;
				CLANG_WARN_COMMA = YES;
				CLANG_WARN_CONSTANT_CONVERSION = YES;
				CLANG_WARN_DIRECT_OBJC_ISA_USAGE = YES_ERROR;
				CLANG_WARN_DOCUMENTATION_COMMENTS = YES;
				CLANG_WARN_EMPTY_BODY = YES;
				CLANG_WARN_ENUM_CONVERSION = YES;
				CLANG_WARN_INFINITE_RECURSION = YES;
				CLANG_WARN_INT_CONVERSION = YES;
				CLANG_WARN_NON_LITERAL_NULL_CONVERSION = YES;
				CLANG_WARN_OBJC_LITERAL_CONVERSION = YES;
				CLANG_WARN_OBJC_ROOT_CLASS = YES_ERROR;
				CLANG_WARN_RANGE_LOOP_ANALYSIS = YES;
				CLANG_WARN_STRICT_PROTOTYPES = YES;
				CLANG_WARN_SUSPICIOUS_MOVE = YES;
				CLANG_WARN_UNGUARDED_AVAILABILITY = YES_AGGRESSIVE;
				CLANG_WARN_UNREACHABLE_CODE = YES;
				CLANG_WARN__DUPLICATE_METHOD_MATCH = YES;
				CODE_SIGN_IDENTITY = "-";
				COPY_PHASE_STRIP = NO;
				DEBUG_INFORMATION_FORMAT = dwarf;
				ENABLE_STRICT_OBJC_MSGSEND = YES;
				ENABLE_TESTABILITY = YES;
				GCC_C_LANGUAGE_STANDARD = gnu11;
				GCC_DYNAMIC_NO_PIC = NO;
				GCC_NO_COMMON_BLOCKS = YES;
				GCC_OPTIMIZATION_LEVEL = 0;
				GCC_PREPROCESSOR_DEFINITIONS = (
					"DEBUG=1",
					"$(inherited)",
				);
				GCC_WARN_64_TO_32_BIT_CONVERSION = YES;
				GCC_WARN_ABOUT_RETURN_TYPE = YES_ERROR;
				GCC_WARN_UNDECLARED_SELECTOR = YES;
				GCC_WARN_UNINITIALIZED_AUTOS = YES_AGGRESSIVE;
				GCC_WARN_UNUSED_FUNCTION = YES;
				GCC_WARN_UNUSED_VARIABLE = YES;
				MACOSX_DEPLOYMENT_TARGET = 10.12;
				MTL_ENABLE_DEBUG_INFO = YES;
				ONLY_ACTIVE_ARCH = YES;
				SDKROOT = macosx;
			};
			name = Debug;
		};
		8DDA417A20A1B538005B6903 /* Release */ = {
			isa = XCBuildConfiguration;
			buildSettings = {
				ALWAYS_SEARCH_USER_PATHS = NO;
				CLANG_ANALYZER_NONNULL = YES;
				CLANG_ANALYZER_NUMBER_OBJECT_CONVERSION = YES_AGGRESSIVE;
				CLANG_CXX_LANGUAGE_STANDARD = "gnu++14";
				CLANG_CXX_LIBRARY = "libc++";
				CLANG_ENABLE_MODULES = YES;
				CLANG_ENABLE_OBJC_ARC = YES;
				CLANG_WARN_BLOCK_CAPTURE_AUTORELEASING = YES;
				CLANG_WARN_BOOL_CONVERSION = YES;
				CLANG_WARN_COMMA = YES;
				CLANG_WARN_CONSTANT_CONVERSION = YES;
				CLANG_WARN_DIRECT_OBJC_ISA_USAGE = YES_ERROR;
				CLANG_WARN_DOCUMENTATION_COMMENTS = YES;
				CLANG_WARN_EMPTY_BODY = YES;
				CLANG_WARN_ENUM_CONVERSION = YES;
				CLANG_WARN_INFINITE_RECURSION = YES;
				CLANG_WARN_INT_CONVERSION = YES;
				CLANG_WARN_NON_LITERAL_NULL_CONVERSION = YES;
				CLANG_WARN_OBJC_LITERAL_CONVERSION = YES;
				CLANG_WARN_OBJC_ROOT_CLASS = YES_ERROR;
				CLANG_WARN_RANGE_LOOP_ANALYSIS = YES;
				CLANG_WARN_STRICT_PROTOTYPES = YES;
				CLANG_WARN_SUSPICIOUS_MOVE = YES;
				CLANG_WARN_UNGUARDED_AVAILABILITY = YES_AGGRESSIVE;
				CLANG_WARN_UNREACHABLE_CODE = YES;
				CLANG_WARN__DUPLICATE_METHOD_MATCH = YES;
				CODE_SIGN_IDENTITY = "-";
				COPY_PHASE_STRIP = NO;
				DEBUG_INFORMATION_FORMAT = "dwarf-with-dsym";
				ENABLE_NS_ASSERTIONS = NO;
				ENABLE_STRICT_OBJC_MSGSEND = YES;
				GCC_C_LANGUAGE_STANDARD = gnu11;
				GCC_NO_COMMON_BLOCKS = YES;
				GCC_WARN_64_TO_32_BIT_CONVERSION = YES;
				GCC_WARN_ABOUT_RETURN_TYPE = YES_ERROR;
				GCC_WARN_UNDECLARED_SELECTOR = YES;
				GCC_WARN_UNINITIALIZED_AUTOS = YES_AGGRESSIVE;
				GCC_WARN_UNUSED_FUNCTION = YES;
				GCC_WARN_UNUSED_VARIABLE = YES;
				MACOSX_DEPLOYMENT_TARGET = 10.12;
				MTL_ENABLE_DEBUG_INFO = NO;
				SDKROOT = macosx;
			};
			name = Release;
		};
		8DDA417C20A1B538005B6903 /* Debug */ = {
			isa = XCBuildConfiguration;
			buildSettings = {
				CODE_SIGN_STYLE = Automatic;
				PRODUCT_NAME = "$(TARGET_NAME)";
			};
			name = Debug;
		};
		8DDA417D20A1B538005B6903 /* Release */ = {
			isa = XCBuildConfiguration;
			buildSettings = {
				CODE_SIGN_STYLE = Automatic;
				PRODUCT_NAME = "$(TARGET_NAME)";
			};
			name = Release;
		};
/* End XCBuildConfiguration section */

/* Begin XCConfigurationList section */
		8DC2CDD920A55E1B002D7DA8 /* Build configuration list for PBXNativeTarget "C-sizeof" */ = {
			isa = XCConfigurationList;
			buildConfigurations = (
				8DC2CDDA20A55E1B002D7DA8 /* Debug */,
				8DC2CDDB20A55E1B002D7DA8 /* Release */,
			);
			defaultConfigurationIsVisible = 0;
			defaultConfigurationName = Release;
		};
		8DC2CDE420A55E67002D7DA8 /* Build configuration list for PBXNativeTarget "#define" */ = {
			isa = XCConfigurationList;
			buildConfigurations = (
				8DC2CDE520A55E67002D7DA8 /* Debug */,
				8DC2CDE620A55E67002D7DA8 /* Release */,
			);
			defaultConfigurationIsVisible = 0;
			defaultConfigurationName = Release;
		};
		8DDA416F20A1B538005B6903 /* Build configuration list for PBXProject "Strong&Copy" */ = {
			isa = XCConfigurationList;
			buildConfigurations = (
				8DDA417920A1B538005B6903 /* Debug */,
				8DDA417A20A1B538005B6903 /* Release */,
			);
			defaultConfigurationIsVisible = 0;
			defaultConfigurationName = Release;
		};
		8DDA417B20A1B538005B6903 /* Build configuration list for PBXNativeTarget "Strong&Copy" */ = {
			isa = XCConfigurationList;
			buildConfigurations = (
				8DDA417C20A1B538005B6903 /* Debug */,
				8DDA417D20A1B538005B6903 /* Release */,
			);
			defaultConfigurationIsVisible = 0;
			defaultConfigurationName = Release;
		};
/* End XCConfigurationList section */
	};
	rootObject = 8DDA416C20A1B538005B6903 /* Project object */;
}
